
Microsoft Visual Studio Solution File, Format Version 12.00
# Visual Studio Version 17
VisualStudioVersion = 17.0.31919.166
MinimumVisualStudioVersion = 10.0.40219.1
Project("{FAE04EC0-301F-11D3-BF4B-00C04F79EFBC}") = "MediatRdemo", "MediatRdemo.csproj", "{36142CA5-16D2-47B2-96D2-99E592A222D8}"
EndProject
Project("{FAE04EC0-301F-11D3-BF4B-00C04F79EFBC}") = "DemoLibrary", "..\DemoLibrary\DemoLibrary.csproj", "{D945F06C-3BE9-4DFA-B449-9DDADC7F490C}"
EndProject
Global
	GlobalSection(SolutionConfigurationPlatforms) = preSolution
		Debug|Any CPU = Debug|Any CPU
		Release|Any CPU = Release|Any CPU
	EndGlobalSection
	GlobalSection(ProjectConfigurationPlatforms) = postSolution
		{36142CA5-16D2-47B2-96D2-99E592A222D8}.Debug|Any CPU.ActiveCfg = Debug|Any CPU
		{36142CA5-16D2-47B2-96D2-99E592A222D8}.Debug|Any CPU.Build.0 = Debug|Any CPU
		{36142CA5-16D2-47B2-96D2-99E592A222D8}.Release|Any CPU.ActiveCfg = Release|Any CPU
		{36142CA5-16D2-47B2-96D2-99E592A222D8}.Release|Any CPU.Build.0 = Release|Any CPU
		{D945F06C-3BE9-4DFA-B449-9DDADC7F490C}.Debug|Any CPU.ActiveCfg = Debug|Any CPU
		{D945F06C-3BE9-4DFA-B449-9DDADC7F490C}.Debug|Any CPU.Build.0 = Debug|Any CPU
		{D945F06C-3BE9-4DFA-B449-9DDADC7F490C}.Release|Any CPU.ActiveCfg = Release|Any CPU
		{D945F06C-3BE9-4DFA-B449-9DDADC7F490C}.Release|Any CPU.Build.0 = Release|Any CPU
	EndGlobalSection
	GlobalSection(SolutionProperties) = preSolution
		HideSolutionNode = FALSE
	EndGlobalSection
	GlobalSection(ExtensibilityGlobals) = postSolution
		SolutionGuid = {EE7C5E75-9BA9-4D28-A050-F622A885742D}
	EndGlobalSection
EndGlobal
